
Microsoft Visual Studio Solution File, Format Version 12.00
# Visual Studio Version 16
VisualStudioVersion = 16.0.29324.140
MinimumVisualStudioVersion = 10.0.40219.1
Project("{FAE04EC0-301F-11D3-BF4B-00C04F79EFBC}") = "parallel1", "parallel1\parallel1.csproj", "{BEC8F032-1EAC-40C7-9AD5-27FAEB0F6806}"
EndProject
Global
	GlobalSection(SolutionConfigurationPlatforms) = preSolution
		Debug|Any CPU = Debug|Any CPU
		Release|Any CPU = Release|Any CPU
	EndGlobalSection
	GlobalSection(ProjectConfigurationPlatforms) = postSolution
		{BEC8F032-1EAC-40C7-9AD5-27FAEB0F6806}.Debug|Any CPU.ActiveCfg = Debug|Any CPU
		{BEC8F032-1EAC-40C7-9AD5-27FAEB0F6806}.Debug|Any CPU.Build.0 = Debug|Any CPU
		{BEC8F032-1EAC-40C7-9AD5-27FAEB0F6806}.Release|Any CPU.ActiveCfg = Release|Any CPU
		{BEC8F032-1EAC-40C7-9AD5-27FAEB0F6806}.Release|Any CPU.Build.0 = Release|Any CPU
	EndGlobalSection
	GlobalSection(SolutionProperties) = preSolution
		HideSolutionNode = FALSE
	EndGlobalSection
	GlobalSection(ExtensibilityGlobals) = postSolution
		SolutionGuid = {7017798D-3201-4938-B2EE-DE5E2CA0969C}
	EndGlobalSection
EndGlobal
