
Microsoft Visual Studio Solution File, Format Version 12.00
# Visual Studio Version 16
VisualStudioVersion = 16.0.29324.140
MinimumVisualStudioVersion = 10.0.40219.1
Project("{FAE04EC0-301F-11D3-BF4B-00C04F79EFBC}") = "ProcessTest2", "ProcessTest2\ProcessTest2.csproj", "{18C143EA-C374-4CC8-8785-87D430F1E9A1}"
EndProject
Global
	GlobalSection(SolutionConfigurationPlatforms) = preSolution
		Debug|Any CPU = Debug|Any CPU
		Release|Any CPU = Release|Any CPU
	EndGlobalSection
	GlobalSection(ProjectConfigurationPlatforms) = postSolution
		{18C143EA-C374-4CC8-8785-87D430F1E9A1}.Debug|Any CPU.ActiveCfg = Debug|Any CPU
		{18C143EA-C374-4CC8-8785-87D430F1E9A1}.Debug|Any CPU.Build.0 = Debug|Any CPU
		{18C143EA-C374-4CC8-8785-87D430F1E9A1}.Release|Any CPU.ActiveCfg = Release|Any CPU
		{18C143EA-C374-4CC8-8785-87D430F1E9A1}.Release|Any CPU.Build.0 = Release|Any CPU
	EndGlobalSection
	GlobalSection(SolutionProperties) = preSolution
		HideSolutionNode = FALSE
	EndGlobalSection
	GlobalSection(ExtensibilityGlobals) = postSolution
		SolutionGuid = {F7FCD3D1-62AB-49E2-ACA4-B7E3ECC208C3}
	EndGlobalSection
EndGlobal
